{
  "originHash" : "e88f20050ce34e7ab5626fdcfe8a9405175c95726ef659ab6e9f4bd196a61463",
  "pins" : [
    {
      "identity" : "grdb.swift",
      "kind" : "remoteSourceControl",
      "location" : "https://github.com/groue/GRDB.swift.git",
      "state" : {
        "revision" : "aa0079aeb82a4bf00324561a40bffe68c6fe1c26",
        "version" : "7.9.0"
      }
    }
  ],
  "version" : 3
}
